
Microsoft Visual Studio Solution File, Format Version 11.00
# Visual Studio 2010
Project("{FAE04EC0-301F-11D3-BF4B-00C04F79EFBC}") = "RenewEDSenderM", "RenewEDSenderM\RenewEDSenderM.csproj", "{F3ACA05B-6DDE-4454-BAD7-AB8CC022337E}"
EndProject
Project("{FAE04EC0-301F-11D3-BF4B-00C04F79EFBC}") = "RenewEDSenderWin", "RenewEDSenderWin\RenewEDSenderWin.csproj", "{7F000D1F-80F8-4F47-BFFF-77037734373C}"
EndProject
Project("{2150E333-8FDC-42A3-9474-1A3956D46DE8}") = "Solution Items", "Solution Items", "{53D693AE-1319-46F7-A17E-675A726782D6}"
	ProjectSection(SolutionItems) = preProject
		Local.testsettings = Local.testsettings
		RenewEDSenderM1.vsmdi = RenewEDSenderM1.vsmdi
		TraceAndTestImpact.testsettings = TraceAndTestImpact.testsettings
	EndProjectSection
EndProject
Global
	GlobalSection(TestCaseManagementSettings) = postSolution
		CategoryFile = RenewEDSenderM1.vsmdi
	EndGlobalSection
	GlobalSection(SolutionConfigurationPlatforms) = preSolution
		Debug|Any CPU = Debug|Any CPU
		Debug|Itanium = Debug|Itanium
		Debug|Mixed Platforms = Debug|Mixed Platforms
		Debug|x86 = Debug|x86
		newDebug|Any CPU = newDebug|Any CPU
		newDebug|Itanium = newDebug|Itanium
		newDebug|Mixed Platforms = newDebug|Mixed Platforms
		newDebug|x86 = newDebug|x86
		Release|Any CPU = Release|Any CPU
		Release|Itanium = Release|Itanium
		Release|Mixed Platforms = Release|Mixed Platforms
		Release|x86 = Release|x86
	EndGlobalSection
	GlobalSection(ProjectConfigurationPlatforms) = postSolution
		{F3ACA05B-6DDE-4454-BAD7-AB8CC022337E}.Debug|Any CPU.ActiveCfg = Debug|x86
		{F3ACA05B-6DDE-4454-BAD7-AB8CC022337E}.Debug|Any CPU.Build.0 = Debug|x86
		{F3ACA05B-6DDE-4454-BAD7-AB8CC022337E}.Debug|Itanium.ActiveCfg = Debug|Itanium
		{F3ACA05B-6DDE-4454-BAD7-AB8CC022337E}.Debug|Itanium.Build.0 = Debug|Itanium
		{F3ACA05B-6DDE-4454-BAD7-AB8CC022337E}.Debug|Mixed Platforms.ActiveCfg = Debug|x86
		{F3ACA05B-6DDE-4454-BAD7-AB8CC022337E}.Debug|Mixed Platforms.Build.0 = Debug|x86
		{F3ACA05B-6DDE-4454-BAD7-AB8CC022337E}.Debug|x86.ActiveCfg = Debug|x86
		{F3ACA05B-6DDE-4454-BAD7-AB8CC022337E}.Debug|x86.Build.0 = Debug|x86
		{F3ACA05B-6DDE-4454-BAD7-AB8CC022337E}.newDebug|Any CPU.ActiveCfg = newDebug|x86
		{F3ACA05B-6DDE-4454-BAD7-AB8CC022337E}.newDebug|Itanium.ActiveCfg = newDebug|x86
		{F3ACA05B-6DDE-4454-BAD7-AB8CC022337E}.newDebug|Itanium.Build.0 = newDebug|x86
		{F3ACA05B-6DDE-4454-BAD7-AB8CC022337E}.newDebug|Mixed Platforms.ActiveCfg = newDebug|x86
		{F3ACA05B-6DDE-4454-BAD7-AB8CC022337E}.newDebug|Mixed Platforms.Build.0 = newDebug|x86
		{F3ACA05B-6DDE-4454-BAD7-AB8CC022337E}.newDebug|x86.ActiveCfg = newDebug|x86
		{F3ACA05B-6DDE-4454-BAD7-AB8CC022337E}.newDebug|x86.Build.0 = newDebug|x86
		{F3ACA05B-6DDE-4454-BAD7-AB8CC022337E}.Release|Any CPU.ActiveCfg = Release|x86
		{F3ACA05B-6DDE-4454-BAD7-AB8CC022337E}.Release|Any CPU.Build.0 = Release|x86
		{F3ACA05B-6DDE-4454-BAD7-AB8CC022337E}.Release|Itanium.ActiveCfg = Release|Itanium
		{F3ACA05B-6DDE-4454-BAD7-AB8CC022337E}.Release|Itanium.Build.0 = Release|Itanium
		{F3ACA05B-6DDE-4454-BAD7-AB8CC022337E}.Release|Mixed Platforms.ActiveCfg = Release|x86
		{F3ACA05B-6DDE-4454-BAD7-AB8CC022337E}.Release|Mixed Platforms.Build.0 = Release|x86
		{F3ACA05B-6DDE-4454-BAD7-AB8CC022337E}.Release|x86.ActiveCfg = Release|x86
		{F3ACA05B-6DDE-4454-BAD7-AB8CC022337E}.Release|x86.Build.0 = Release|x86
		{7F000D1F-80F8-4F47-BFFF-77037734373C}.Debug|Any CPU.ActiveCfg = Debug|x86
		{7F000D1F-80F8-4F47-BFFF-77037734373C}.Debug|Any CPU.Build.0 = Debug|x86
		{7F000D1F-80F8-4F47-BFFF-77037734373C}.Debug|Itanium.ActiveCfg = Debug|x86
		{7F000D1F-80F8-4F47-BFFF-77037734373C}.Debug|Mixed Platforms.ActiveCfg = Debug|x86
		{7F000D1F-80F8-4F47-BFFF-77037734373C}.Debug|Mixed Platforms.Build.0 = Debug|x86
		{7F000D1F-80F8-4F47-BFFF-77037734373C}.Debug|x86.ActiveCfg = Debug|x86
		{7F000D1F-80F8-4F47-BFFF-77037734373C}.Debug|x86.Build.0 = Debug|x86
		{7F000D1F-80F8-4F47-BFFF-77037734373C}.newDebug|Any CPU.ActiveCfg = newDebug|x86
		{7F000D1F-80F8-4F47-BFFF-77037734373C}.newDebug|Itanium.ActiveCfg = newDebug|x86
		{7F000D1F-80F8-4F47-BFFF-77037734373C}.newDebug|Mixed Platforms.ActiveCfg = newDebug|x86
		{7F000D1F-80F8-4F47-BFFF-77037734373C}.newDebug|Mixed Platforms.Build.0 = newDebug|x86
		{7F000D1F-80F8-4F47-BFFF-77037734373C}.newDebug|x86.ActiveCfg = newDebug|x86
		{7F000D1F-80F8-4F47-BFFF-77037734373C}.newDebug|x86.Build.0 = newDebug|x86
		{7F000D1F-80F8-4F47-BFFF-77037734373C}.Release|Any CPU.ActiveCfg = Release|x86
		{7F000D1F-80F8-4F47-BFFF-77037734373C}.Release|Any CPU.Build.0 = Release|x86
		{7F000D1F-80F8-4F47-BFFF-77037734373C}.Release|Itanium.ActiveCfg = Release|x86
		{7F000D1F-80F8-4F47-BFFF-77037734373C}.Release|Mixed Platforms.ActiveCfg = Release|x86
		{7F000D1F-80F8-4F47-BFFF-77037734373C}.Release|Mixed Platforms.Build.0 = Release|x86
		{7F000D1F-80F8-4F47-BFFF-77037734373C}.Release|x86.ActiveCfg = Release|x86
		{7F000D1F-80F8-4F47-BFFF-77037734373C}.Release|x86.Build.0 = Release|x86
	EndGlobalSection
	GlobalSection(SolutionProperties) = preSolution
		HideSolutionNode = FALSE
	EndGlobalSection
EndGlobal
